
Microsoft Visual Studio Solution File, Format Version 12.00
# Visual Studio Version 17
VisualStudioVersion = 17.14.36616.10 d17.14
MinimumVisualStudioVersion = 10.0.40219.1
Project("{FAE04EC0-301F-11D3-BF4B-00C04F79EFBC}") = "PayNow", "PayNow\PayNow.csproj", "{FA7E091B-E3A3-4236-B055-038D6C95CE58}"
EndProject
Project("{FAE04EC0-301F-11D3-BF4B-00C04F79EFBC}") = "PayNowWorker", "PayNowWorker\PayNowWorker.csproj", "{A084E48F-F2DD-4898-83E4-49A96848414A}"
EndProject
Global
	GlobalSection(SolutionConfigurationPlatforms) = preSolution
		Debug|Any CPU = Debug|Any CPU
		Release|Any CPU = Release|Any CPU
	EndGlobalSection
	GlobalSection(ProjectConfigurationPlatforms) = postSolution
		{FA7E091B-E3A3-4236-B055-038D6C95CE58}.Debug|Any CPU.ActiveCfg = Debug|Any CPU
		{FA7E091B-E3A3-4236-B055-038D6C95CE58}.Debug|Any CPU.Build.0 = Debug|Any CPU
		{FA7E091B-E3A3-4236-B055-038D6C95CE58}.Release|Any CPU.ActiveCfg = Release|Any CPU
		{FA7E091B-E3A3-4236-B055-038D6C95CE58}.Release|Any CPU.Build.0 = Release|Any CPU
		{A084E48F-F2DD-4898-83E4-49A96848414A}.Debug|Any CPU.ActiveCfg = Debug|Any CPU
		{A084E48F-F2DD-4898-83E4-49A96848414A}.Debug|Any CPU.Build.0 = Debug|Any CPU
		{A084E48F-F2DD-4898-83E4-49A96848414A}.Release|Any CPU.ActiveCfg = Release|Any CPU
		{A084E48F-F2DD-4898-83E4-49A96848414A}.Release|Any CPU.Build.0 = Release|Any CPU
	EndGlobalSection
	GlobalSection(SolutionProperties) = preSolution
		HideSolutionNode = FALSE
	EndGlobalSection
	GlobalSection(ExtensibilityGlobals) = postSolution
		SolutionGuid = {2C6BF2EB-B40D-4FD2-95D8-3DA706F95850}
	EndGlobalSection
EndGlobal
