
Microsoft Visual Studio Solution File, Format Version 12.00
# Visual Studio Version 17
VisualStudioVersion = 17.14.36616.10 d17.14
MinimumVisualStudioVersion = 10.0.40219.1
Project("{FAE04EC0-301F-11D3-BF4B-00C04F79EFBC}") = "PayNow", "PayNow\PayNow.csproj", "{FA7E091B-E3A3-4236-B055-038D6C95CE58}"
EndProject
Project("{FAE04EC0-301F-11D3-BF4B-00C04F79EFBC}") = "PayNowWorker", "PayNowWorker\PayNowWorker.csproj", "{A084E48F-F2DD-4898-83E4-49A96848414A}"
EndProject
Project("{FAE04EC0-301F-11D3-BF4B-00C04F79EFBC}") = "CommonContracts", "Common\CommonContracts.csproj", "{34B062BC-4E9B-4871-ABAC-167C18AC64EB}"
EndProject
Project("{FAE04EC0-301F-11D3-BF4B-00C04F79EFBC}") = "Dashboards", "Dashboards\Dashboards.csproj", "{3475FCC6-80EF-4E14-A3EA-405A8A07DC18}"
EndProject
Project("{FAE04EC0-301F-11D3-BF4B-00C04F79EFBC}") = "ServerWorkerPlaygroundAspire.AppHost", "ServerWorkerPlaygroundAspire.AppHost\ServerWorkerPlaygroundAspire.AppHost.csproj", "{0E9AD0E8-2CBA-428D-A214-60574544686C}"
EndProject
Project("{FAE04EC0-301F-11D3-BF4B-00C04F79EFBC}") = "ServerWorkerPlaygroundAspire.ServiceDefaults", "ServerWorkerPlaygroundAspire.ServiceDefaults\ServerWorkerPlaygroundAspire.ServiceDefaults.csproj", "{B80427F3-B90C-77E0-E61E-D2C766AD72D1}"
EndProject
Global
	GlobalSection(SolutionConfigurationPlatforms) = preSolution
		Debug|Any CPU = Debug|Any CPU
		Release|Any CPU = Release|Any CPU
	EndGlobalSection
	GlobalSection(ProjectConfigurationPlatforms) = postSolution
		{FA7E091B-E3A3-4236-B055-038D6C95CE58}.Debug|Any CPU.ActiveCfg = Debug|Any CPU
		{FA7E091B-E3A3-4236-B055-038D6C95CE58}.Debug|Any CPU.Build.0 = Debug|Any CPU
		{FA7E091B-E3A3-4236-B055-038D6C95CE58}.Release|Any CPU.ActiveCfg = Release|Any CPU
		{FA7E091B-E3A3-4236-B055-038D6C95CE58}.Release|Any CPU.Build.0 = Release|Any CPU
		{A084E48F-F2DD-4898-83E4-49A96848414A}.Debug|Any CPU.ActiveCfg = Debug|Any CPU
		{A084E48F-F2DD-4898-83E4-49A96848414A}.Debug|Any CPU.Build.0 = Debug|Any CPU
		{A084E48F-F2DD-4898-83E4-49A96848414A}.Release|Any CPU.ActiveCfg = Release|Any CPU
		{A084E48F-F2DD-4898-83E4-49A96848414A}.Release|Any CPU.Build.0 = Release|Any CPU
		{34B062BC-4E9B-4871-ABAC-167C18AC64EB}.Debug|Any CPU.ActiveCfg = Debug|Any CPU
		{34B062BC-4E9B-4871-ABAC-167C18AC64EB}.Debug|Any CPU.Build.0 = Debug|Any CPU
		{34B062BC-4E9B-4871-ABAC-167C18AC64EB}.Release|Any CPU.ActiveCfg = Release|Any CPU
		{34B062BC-4E9B-4871-ABAC-167C18AC64EB}.Release|Any CPU.Build.0 = Release|Any CPU
		{3475FCC6-80EF-4E14-A3EA-405A8A07DC18}.Debug|Any CPU.ActiveCfg = Debug|Any CPU
		{3475FCC6-80EF-4E14-A3EA-405A8A07DC18}.Debug|Any CPU.Build.0 = Debug|Any CPU
		{3475FCC6-80EF-4E14-A3EA-405A8A07DC18}.Release|Any CPU.ActiveCfg = Release|Any CPU
		{3475FCC6-80EF-4E14-A3EA-405A8A07DC18}.Release|Any CPU.Build.0 = Release|Any CPU
		{0E9AD0E8-2CBA-428D-A214-60574544686C}.Debug|Any CPU.ActiveCfg = Debug|Any CPU
		{0E9AD0E8-2CBA-428D-A214-60574544686C}.Debug|Any CPU.Build.0 = Debug|Any CPU
		{0E9AD0E8-2CBA-428D-A214-60574544686C}.Release|Any CPU.ActiveCfg = Release|Any CPU
		{0E9AD0E8-2CBA-428D-A214-60574544686C}.Release|Any CPU.Build.0 = Release|Any CPU
		{B80427F3-B90C-77E0-E61E-D2C766AD72D1}.Debug|Any CPU.ActiveCfg = Debug|Any CPU
		{B80427F3-B90C-77E0-E61E-D2C766AD72D1}.Debug|Any CPU.Build.0 = Debug|Any CPU
		{B80427F3-B90C-77E0-E61E-D2C766AD72D1}.Release|Any CPU.ActiveCfg = Release|Any CPU
		{B80427F3-B90C-77E0-E61E-D2C766AD72D1}.Release|Any CPU.Build.0 = Release|Any CPU
	EndGlobalSection
	GlobalSection(SolutionProperties) = preSolution
		HideSolutionNode = FALSE
	EndGlobalSection
	GlobalSection(ExtensibilityGlobals) = postSolution
		SolutionGuid = {2C6BF2EB-B40D-4FD2-95D8-3DA706F95850}
	EndGlobalSection
EndGlobal
